{
  "version": "2",
  "remote": {
    "https://deno.land/std@0.116.0/_util/assert.ts": "2f868145a042a11d5ad0a3c748dcf580add8a0dbc0e876eaa0026303a5488f58",
    "https://deno.land/std@0.116.0/_util/os.ts": "dfb186cc4e968c770ab6cc3288bd65f4871be03b93beecae57d657232ecffcac",
    "https://deno.land/std@0.116.0/fs/walk.ts": "31464d75099aa3fc7764212576a8772dfabb2692783e6eabb910f874a26eac54",
    "https://deno.land/std@0.116.0/path/_constants.ts": "1247fee4a79b70c89f23499691ef169b41b6ccf01887a0abd131009c5581b853",
    "https://deno.land/std@0.116.0/path/_interface.ts": "1fa73b02aaa24867e481a48492b44f2598cd9dfa513c7b34001437007d3642e4",
    "https://deno.land/std@0.116.0/path/_util.ts": "2e06a3b9e79beaf62687196bd4b60a4c391d862cfa007a20fc3a39f778ba073b",
    "https://deno.land/std@0.116.0/path/common.ts": "f41a38a0719a1e85aa11c6ba3bea5e37c15dd009d705bd8873f94c833568cbc4",
    "https://deno.land/std@0.116.0/path/glob.ts": "ea87985765b977cc284b92771003b2070c440e0807c90e1eb0ff3e095911a820",
    "https://deno.land/std@0.116.0/path/mod.ts": "4465dc494f271b02569edbb4a18d727063b5dbd6ed84283ff906260970a15d12",
    "https://deno.land/std@0.116.0/path/posix.ts": "34349174b9cd121625a2810837a82dd8b986bbaaad5ade690d1de75bbb4555b2",
    "https://deno.land/std@0.116.0/path/separator.ts": "8fdcf289b1b76fd726a508f57d3370ca029ae6976fcde5044007f062e643ff1c",
    "https://deno.land/std@0.116.0/path/win32.ts": "11549e8c6df8307a8efcfa47ad7b2a75da743eac7d4c89c9723a944661c8bd2e",
    "https://deno.land/std@0.170.0/_util/asserts.ts": "d0844e9b62510f89ce1f9878b046f6a57bf88f208a10304aab50efcb48365272",
    "https://deno.land/std@0.170.0/_util/os.ts": "8a33345f74990e627b9dfe2de9b040004b08ea5146c7c9e8fe9a29070d193934",
    "https://deno.land/std@0.170.0/path/_constants.ts": "df1db3ffa6dd6d1252cc9617e5d72165cd2483df90e93833e13580687b6083c3",
    "https://deno.land/std@0.170.0/path/_interface.ts": "ee3b431a336b80cf445441109d089b70d87d5e248f4f90ff906820889ecf8d09",
    "https://deno.land/std@0.170.0/path/_util.ts": "d16be2a16e1204b65f9d0dfc54a9bc472cafe5f4a190b3c8471ec2016ccd1677",
    "https://deno.land/std@0.170.0/path/common.ts": "bee563630abd2d97f99d83c96c2fa0cca7cee103e8cb4e7699ec4d5db7bd2633",
    "https://deno.land/std@0.170.0/path/glob.ts": "81cc6c72be002cd546c7a22d1f263f82f63f37fe0035d9726aa96fc8f6e4afa1",
    "https://deno.land/std@0.170.0/path/mod.ts": "cf7cec7ac11b7048bb66af8ae03513e66595c279c65cfa12bfc07d9599608b78",
    "https://deno.land/std@0.170.0/path/posix.ts": "b859684bc4d80edfd4cad0a82371b50c716330bed51143d6dcdbe59e6278b30c",
    "https://deno.land/std@0.170.0/path/separator.ts": "fe1816cb765a8068afb3e8f13ad272351c85cbc739af56dacfc7d93d710fe0f9",
    "https://deno.land/std@0.170.0/path/win32.ts": "7cebd2bda6657371adc00061a1d23fdd87bcdf64b4843bb148b0b24c11b40f69",
    "https://deno.land/std@0.190.0/_util/asserts.ts": "178dfc49a464aee693a7e285567b3d0b555dc805ff490505a8aae34f9cfb1462",
    "https://deno.land/std@0.190.0/_util/os.ts": "d932f56d41e4f6a6093d56044e29ce637f8dcc43c5a90af43504a889cf1775e3",
    "https://deno.land/std@0.190.0/bytes/copy.ts": "939d89e302a9761dcf1d9c937c7711174ed74c59eef40a1e4569a05c9de88219",
    "https://deno.land/std@0.190.0/fs/_util.ts": "579038bebc3bd35c43a6a7766f7d91fbacdf44bc03468e9d3134297bb99ed4f9",
    "https://deno.land/std@0.190.0/fs/copy.ts": "14214efd94fc3aa6db1e4af2b4b9578e50f7362b7f3725d5a14ad259a5df26c8",
    "https://deno.land/std@0.190.0/fs/empty_dir.ts": "c3d2da4c7352fab1cf144a1ecfef58090769e8af633678e0f3fabaef98594688",
    "https://deno.land/std@0.190.0/fs/ensure_dir.ts": "dc64c4c75c64721d4e3fb681f1382f803ff3d2868f08563ff923fdd20d071c40",
    "https://deno.land/std@0.190.0/fs/ensure_file.ts": "c38602670bfaf259d86ca824a94e6cb9e5eb73757fefa4ebf43a90dd017d53d9",
    "https://deno.land/std@0.190.0/fs/ensure_link.ts": "c0f5b2f0ec094ed52b9128eccb1ee23362a617457aa0f699b145d4883f5b2fb4",
    "https://deno.land/std@0.190.0/fs/ensure_symlink.ts": "5006ab2f458159c56d689b53b1e48d57e05eeb1eaf64e677f7f76a30bc4fdba1",
    "https://deno.land/std@0.190.0/fs/eol.ts": "f1f2eb348a750c34500741987b21d65607f352cf7205f48f4319d417fff42842",
    "https://deno.land/std@0.190.0/fs/exists.ts": "29c26bca8584a22876be7cb8844f1b6c8fc35e9af514576b78f5c6884d7ed02d",
    "https://deno.land/std@0.190.0/fs/expand_glob.ts": "e4f56259a0a70fe23f05215b00de3ac5e6ba46646ab2a06ebbe9b010f81c972a",
    "https://deno.land/std@0.190.0/fs/mod.ts": "bc3d0acd488cc7b42627044caf47d72019846d459279544e1934418955ba4898",
    "https://deno.land/std@0.190.0/fs/move.ts": "b4f8f46730b40c32ea3c0bc8eb0fd0e8139249a698883c7b3756424cf19785c9",
    "https://deno.land/std@0.190.0/fs/walk.ts": "920be35a7376db6c0b5b1caf1486fb962925e38c9825f90367f8f26b5e5d0897",
    "https://deno.land/std@0.190.0/io/buffer.ts": "17f4410eaaa60a8a85733e8891349a619eadfbbe42e2f319283ce2b8f29723ab",
    "https://deno.land/std@0.190.0/path/_constants.ts": "e49961f6f4f48039c0dfed3c3f93e963ca3d92791c9d478ac5b43183413136e0",
    "https://deno.land/std@0.190.0/path/_interface.ts": "6471159dfbbc357e03882c2266d21ef9afdb1e4aa771b0545e90db58a0ba314b",
    "https://deno.land/std@0.190.0/path/_util.ts": "d7abb1e0dea065f427b89156e28cdeb32b045870acdf865833ba808a73b576d0",
    "https://deno.land/std@0.190.0/path/common.ts": "ee7505ab01fd22de3963b64e46cff31f40de34f9f8de1fff6a1bd2fe79380000",
    "https://deno.land/std@0.190.0/path/glob.ts": "d479e0a695621c94d3fd7fe7abd4f9499caf32a8de13f25073451c6ef420a4e1",
    "https://deno.land/std@0.190.0/path/mod.ts": "ee161baec5ded6510ee1d1fb6a75a0f5e4b41f3f3301c92c716ecbdf7dae910d",
    "https://deno.land/std@0.190.0/path/posix.ts": "8b7c67ac338714b30c816079303d0285dd24af6b284f7ad63da5b27372a2c94d",
    "https://deno.land/std@0.190.0/path/separator.ts": "0fb679739d0d1d7bf45b68dacfb4ec7563597a902edbaf3c59b50d5bcadd93b1",
    "https://deno.land/std@0.190.0/path/win32.ts": "d186344e5583bcbf8b18af416d13d82b35a317116e6460a5a3953508c3de5bba",
    "https://deno.land/std@0.197.0/_util/os.ts": "d932f56d41e4f6a6093d56044e29ce637f8dcc43c5a90af43504a889cf1775e3",
    "https://deno.land/std@0.197.0/assert/assert.ts": "9a97dad6d98c238938e7540736b826440ad8c1c1e54430ca4c4e623e585607ee",
    "https://deno.land/std@0.197.0/assert/assertion_error.ts": "4d0bde9b374dfbcbe8ac23f54f567b77024fb67dbb1906a852d67fe050d42f56",
    "https://deno.land/std@0.197.0/fs/_util.ts": "fbf57dcdc9f7bc8128d60301eece608246971a7836a3bb1e78da75314f08b978",
    "https://deno.land/std@0.197.0/fs/copy.ts": "b4f7fe87190d7b310c88a2d9ff845210c0a2b7b0a094ec509747359023beb7d6",
    "https://deno.land/std@0.197.0/fs/empty_dir.ts": "c3d2da4c7352fab1cf144a1ecfef58090769e8af633678e0f3fabaef98594688",
    "https://deno.land/std@0.197.0/fs/ensure_dir.ts": "dc64c4c75c64721d4e3fb681f1382f803ff3d2868f08563ff923fdd20d071c40",
    "https://deno.land/std@0.197.0/fs/ensure_file.ts": "c38602670bfaf259d86ca824a94e6cb9e5eb73757fefa4ebf43a90dd017d53d9",
    "https://deno.land/std@0.197.0/fs/ensure_link.ts": "c0f5b2f0ec094ed52b9128eccb1ee23362a617457aa0f699b145d4883f5b2fb4",
    "https://deno.land/std@0.197.0/fs/ensure_symlink.ts": "5006ab2f458159c56d689b53b1e48d57e05eeb1eaf64e677f7f76a30bc4fdba1",
    "https://deno.land/std@0.197.0/fs/eol.ts": "f1f2eb348a750c34500741987b21d65607f352cf7205f48f4319d417fff42842",
    "https://deno.land/std@0.197.0/fs/exists.ts": "29c26bca8584a22876be7cb8844f1b6c8fc35e9af514576b78f5c6884d7ed02d",
    "https://deno.land/std@0.197.0/fs/expand_glob.ts": "3e427436f4b3768727bd7de84169f10db75fe50b32e6dde567b8ae558a8d857a",
    "https://deno.land/std@0.197.0/fs/mod.ts": "bc3d0acd488cc7b42627044caf47d72019846d459279544e1934418955ba4898",
    "https://deno.land/std@0.197.0/fs/move.ts": "b4f8f46730b40c32ea3c0bc8eb0fd0e8139249a698883c7b3756424cf19785c9",
    "https://deno.land/std@0.197.0/fs/walk.ts": "21a3cc5ff39c38acc93575213f54d5f1d44c5c6614ed97603d171eb0bf56a565",
    "https://deno.land/std@0.197.0/path/_constants.ts": "e49961f6f4f48039c0dfed3c3f93e963ca3d92791c9d478ac5b43183413136e0",
    "https://deno.land/std@0.197.0/path/_interface.ts": "6471159dfbbc357e03882c2266d21ef9afdb1e4aa771b0545e90db58a0ba314b",
    "https://deno.land/std@0.197.0/path/_util.ts": "d7abb1e0dea065f427b89156e28cdeb32b045870acdf865833ba808a73b576d0",
    "https://deno.land/std@0.197.0/path/common.ts": "ee7505ab01fd22de3963b64e46cff31f40de34f9f8de1fff6a1bd2fe79380000",
    "https://deno.land/std@0.197.0/path/glob.ts": "d479e0a695621c94d3fd7fe7abd4f9499caf32a8de13f25073451c6ef420a4e1",
    "https://deno.land/std@0.197.0/path/mod.ts": "f065032a7189404fdac3ad1a1551a9ac84751d2f25c431e101787846c86c79ef",
    "https://deno.land/std@0.197.0/path/posix.ts": "8b7c67ac338714b30c816079303d0285dd24af6b284f7ad63da5b27372a2c94d",
    "https://deno.land/std@0.197.0/path/separator.ts": "0fb679739d0d1d7bf45b68dacfb4ec7563597a902edbaf3c59b50d5bcadd93b1",
    "https://deno.land/std@0.197.0/path/win32.ts": "4fca292f8d116fd6d62f243b8a61bd3d6835a9f0ede762ba5c01afe7c3c0aa12",
    "https://deno.land/x/cache_dir@0.2.0/mod.ts": "89ac1bc4d8f1c52fde192e0470d0597fa156ecf2b53d7fe162a11fd365c79920",
    "https://deno.land/x/download@v2.0.2/download.ts": "4c1e70b79a5eb47500c3cd048781c7d71063c906cd15a431f82f22950729e43c",
    "https://deno.land/x/download@v2.0.2/mod.ts": "ec1649bc70d41898baa1123743486dba40612581d2478243fe45e875233f6b6a",
    "https://deno.land/x/download@v2.0.2/types.ts": "564477c37f19599cc336678c6d26e8d0dac35fcef76db680cc5f5657523c2f94",
    "https://deno.land/x/jszip@0.11.0/mod.ts": "5661ddc18e9ac9c07e3c5d2483bc912a7022b6af0d784bb7b05035973e640ba1",
    "https://deno.land/x/libclang@1.0.0-beta.8/BuildSystem.ts": "02d72dd221396972e16cdbeaf6117a33ec5a4bfe1a134cb94c5a8aaaa5f7713e",
    "https://deno.land/x/libclang@1.0.0-beta.8/CXCompilationDatabase.ts": "16a82acf5de22d0220a9abeda2b23f78d7962b11975a00561a894ab56aafa127",
    "https://deno.land/x/libclang@1.0.0-beta.8/ffi.ts": "d3ca6faf774a2511afea3c686440fa6bf87cd0caa6bfc6a488854f539ad74a4d",
    "https://deno.land/x/libclang@1.0.0-beta.8/include/BuildSystem.h.ts": "ba26f2a01b55723e5eb985e3156e9b7d6894954a352bbcebad6992fe99f41ee5",
    "https://deno.land/x/libclang@1.0.0-beta.8/include/CXCompilationDatabase.h.ts": "6df6c832a0d4e0469f8c8b0aeecc9017097d0cd69a66383ae15ed0fff45e39f9",
    "https://deno.land/x/libclang@1.0.0-beta.8/include/CXDiagnostic.h.ts": "08cd0444ad9806f03a779731c4a026d9aaea0e22bb2a336a1b546f656619e426",
    "https://deno.land/x/libclang@1.0.0-beta.8/include/CXFile.h.ts": "b86b4aa735bf920ada5e79775ce5a31cd7786007fa5957713d92c7f18a5eec60",
    "https://deno.land/x/libclang@1.0.0-beta.8/include/CXSourceLocation.h.ts": "6e87d111e0ca8fee4050362723372459ebc01694ca4fed6aeb08fe8cc401fe9b",
    "https://deno.land/x/libclang@1.0.0-beta.8/include/CXString.h.ts": "9b2b83f418eff5565668200ffc2a0cbbd8d7090d0bbe1eb7b229633788aa7a3a",
    "https://deno.land/x/libclang@1.0.0-beta.8/include/Documentation.h.ts": "9fe0b0071ee01438cd5d52447e8a0d96bb8f8700b8b68bada3c0db3f001e9382",
    "https://deno.land/x/libclang@1.0.0-beta.8/include/FatalErrorHandler.h.ts": "094dc535116bc2d1eb83fdc52c00c93fceea5a1c011fbd2446f921bcb611cf34",
    "https://deno.land/x/libclang@1.0.0-beta.8/include/Index.h.ts": "19317fac65e39a7b45f249d09c524e573b8de4fba058cb4fdee766e81acf435d",
    "https://deno.land/x/libclang@1.0.0-beta.8/include/Rewrite.h.ts": "f38028a4cef48200d26d9b5b16412919972e6e0b19518659b6a00cf8c9d0a2fe",
    "https://deno.land/x/libclang@1.0.0-beta.8/include/typeDefinitions.ts": "898122d7687c7237bbe53d7b47a941d1393cadbb63212fb4cb048d5dfaa8e9d8",
    "https://deno.land/x/libclang@1.0.0-beta.8/mod.ts": "937ca20a475ba6fc24c25f793176233dcefc64851cc72326e33055e63ebc8ae3",
    "https://deno.land/x/libclang@1.0.0-beta.8/utils.ts": "797d1686287966e61db8b83631ee005b0e9d88ac3906fcc56beda139ce5b56e8",
    "https://esm.sh/jszip@3.7.1": "db64c226cc8315f2043c08fc2daaeee87693997d3efbd31a6c69e9fd8d745c01",
    "https://esm.sh/v128/jszip@3.7.1/denonext/jszip.mjs": "ff2a6127d80dbef0e539cf81fac3beb916766a735ceab35b20b849e11310dd8e"
  },
  "npm": {
    "specifiers": {
      "@qnighy/dedent": "@qnighy/dedent@0.1.1",
      "ts-arithmetic": "ts-arithmetic@0.1.1"
    },
    "packages": {
      "@qnighy/dedent@0.1.1": {
        "integrity": "sha512-1TogcOCQlxSL4fS2n3jUtwoTHIlXJN3cw3FmQKSdmVpbVr03gKeXTEskPxqqMT24xkid59bEGv4ZB6oUQqq2fw==",
        "dependencies": {}
      },
      "ts-arithmetic@0.1.1": {
        "integrity": "sha512-3VqgsRgzaYfj+zKWn+7O66ifHwbOOnT2BoOrHwdEUBz7az0DetoZOS20+juNJh1klgzvWEi2Qxden41pomOUAQ==",
        "dependencies": {}
      }
    }
  }
}
